
Microsoft Visual Studio Solution File, Format Version 12.00
# Visual Studio Version 16
VisualStudioVersion = 16.0.30621.155
MinimumVisualStudioVersion = 10.0.40219.1
Project("{FAE04EC0-301F-11D3-BF4B-00C04F79EFBC}") = "StudentPlatform2", "StudentPlatform2\StudentPlatform2.csproj", "{FDF97CF1-F986-4C81-AC2B-95A434848EA4}"
EndProject
Global
	GlobalSection(SolutionConfigurationPlatforms) = preSolution
		Debug|Any CPU = Debug|Any CPU
		Release|Any CPU = Release|Any CPU
	EndGlobalSection
	GlobalSection(ProjectConfigurationPlatforms) = postSolution
		{FDF97CF1-F986-4C81-AC2B-95A434848EA4}.Debug|Any CPU.ActiveCfg = Debug|Any CPU
		{FDF97CF1-F986-4C81-AC2B-95A434848EA4}.Debug|Any CPU.Build.0 = Debug|Any CPU
		{FDF97CF1-F986-4C81-AC2B-95A434848EA4}.Release|Any CPU.ActiveCfg = Release|Any CPU
		{FDF97CF1-F986-4C81-AC2B-95A434848EA4}.Release|Any CPU.Build.0 = Release|Any CPU
	EndGlobalSection
	GlobalSection(SolutionProperties) = preSolution
		HideSolutionNode = FALSE
	EndGlobalSection
	GlobalSection(ExtensibilityGlobals) = postSolution
		SolutionGuid = {007EF97E-B01E-42CA-A230-0961EBB844CC}
	EndGlobalSection
EndGlobal
