
Microsoft Visual Studio Solution File, Format Version 12.00
# Visual Studio Version 16
VisualStudioVersion = 16.0.30413.136
MinimumVisualStudioVersion = 10.0.40219.1
Project("{FAE04EC0-301F-11D3-BF4B-00C04F79EFBC}") = "MallForSidor", "MallForSidor\MallForSidor.csproj", "{F05FAFD5-95C7-4A96-8A72-ACC421E61E9C}"
EndProject
Global
	GlobalSection(SolutionConfigurationPlatforms) = preSolution
		Debug|Any CPU = Debug|Any CPU
		Release|Any CPU = Release|Any CPU
	EndGlobalSection
	GlobalSection(ProjectConfigurationPlatforms) = postSolution
		{F05FAFD5-95C7-4A96-8A72-ACC421E61E9C}.Debug|Any CPU.ActiveCfg = Debug|Any CPU
		{F05FAFD5-95C7-4A96-8A72-ACC421E61E9C}.Debug|Any CPU.Build.0 = Debug|Any CPU
		{F05FAFD5-95C7-4A96-8A72-ACC421E61E9C}.Release|Any CPU.ActiveCfg = Release|Any CPU
		{F05FAFD5-95C7-4A96-8A72-ACC421E61E9C}.Release|Any CPU.Build.0 = Release|Any CPU
	EndGlobalSection
	GlobalSection(SolutionProperties) = preSolution
		HideSolutionNode = FALSE
	EndGlobalSection
	GlobalSection(ExtensibilityGlobals) = postSolution
		SolutionGuid = {454B8657-7871-4AFB-B08A-AE2225AE8AD1}
	EndGlobalSection
EndGlobal
